
Microsoft Visual Studio Solution File, Format Version 12.00
Project("{FAE04EC0-301F-11D3-BF4B-00C04F79EFBC}") = "DemoBackend", "DemoBackend\DemoBackend.csproj", "{AA2703DA-64FF-42AB-BEA6-AFC747723271}"
EndProject
Project("{2150E333-8FDC-42A3-9474-1A3956D46DE8}") = "Solution Items", "Solution Items", "{848F51A3-CE96-4077-92EA-59C8356BCCF5}"
	ProjectSection(SolutionItems) = preProject
		compose.yaml = compose.yaml
	EndProjectSection
EndProject
Project("{FAE04EC0-301F-11D3-BF4B-00C04F79EFBC}") = "DemoBackend.UnitTests", "DemoBackend.UnitTests\DemoBackend.UnitTests.csproj", "{CA1C76EA-59D7-41E0-8D61-FAF4F85CD8FA}"
EndProject
Project("{FAE04EC0-301F-11D3-BF4B-00C04F79EFBC}") = "DemoBackend.IntegrationTests", "DemoBackend.IntegrationTests\DemoBackend.IntegrationTests.csproj", "{72233EAC-F5D4-4133-A46C-C36AF79BA858}"
EndProject
Global
	GlobalSection(SolutionConfigurationPlatforms) = preSolution
		Debug|Any CPU = Debug|Any CPU
		Release|Any CPU = Release|Any CPU
	EndGlobalSection
	GlobalSection(ProjectConfigurationPlatforms) = postSolution
		{AA2703DA-64FF-42AB-BEA6-AFC747723271}.Debug|Any CPU.ActiveCfg = Debug|Any CPU
		{AA2703DA-64FF-42AB-BEA6-AFC747723271}.Debug|Any CPU.Build.0 = Debug|Any CPU
		{AA2703DA-64FF-42AB-BEA6-AFC747723271}.Release|Any CPU.ActiveCfg = Release|Any CPU
		{AA2703DA-64FF-42AB-BEA6-AFC747723271}.Release|Any CPU.Build.0 = Release|Any CPU
		{CA1C76EA-59D7-41E0-8D61-FAF4F85CD8FA}.Debug|Any CPU.ActiveCfg = Debug|Any CPU
		{CA1C76EA-59D7-41E0-8D61-FAF4F85CD8FA}.Debug|Any CPU.Build.0 = Debug|Any CPU
		{CA1C76EA-59D7-41E0-8D61-FAF4F85CD8FA}.Release|Any CPU.ActiveCfg = Release|Any CPU
		{CA1C76EA-59D7-41E0-8D61-FAF4F85CD8FA}.Release|Any CPU.Build.0 = Release|Any CPU
		{72233EAC-F5D4-4133-A46C-C36AF79BA858}.Debug|Any CPU.ActiveCfg = Debug|Any CPU
		{72233EAC-F5D4-4133-A46C-C36AF79BA858}.Debug|Any CPU.Build.0 = Debug|Any CPU
		{72233EAC-F5D4-4133-A46C-C36AF79BA858}.Release|Any CPU.ActiveCfg = Release|Any CPU
		{72233EAC-F5D4-4133-A46C-C36AF79BA858}.Release|Any CPU.Build.0 = Release|Any CPU
	EndGlobalSection
EndGlobal
